
Microsoft Visual Studio Solution File, Format Version 12.00
# Visual Studio 15
VisualStudioVersion = 15.0.26124.0
MinimumVisualStudioVersion = 15.0.26124.0
Project("{2150E333-8FDC-42A3-9474-1A3956D46DE8}") = "src", "src", "{C612E0A7-4F8B-4E83-A815-1CD170063A11}"
EndProject
Project("{FAE04EC0-301F-11D3-BF4B-00C04F79EFBC}") = "App.Application", "src\App.Application\App.Application.csproj", "{13722C9C-ADCD-4FB3-B21C-F28FA8F33FFF}"
EndProject
Project("{FAE04EC0-301F-11D3-BF4B-00C04F79EFBC}") = "App.Kernel", "src\App.Kernel\App.Kernel.csproj", "{C4EEDCB0-8415-4080-87F1-479CAEFA05BE}"
EndProject
Project("{FAE04EC0-301F-11D3-BF4B-00C04F79EFBC}") = "App.WebApi", "src\App.WebApi\App.WebApi.csproj", "{22DE62A6-2961-4A0E-9316-08386965ADC0}"
EndProject
Project("{FAE04EC0-301F-11D3-BF4B-00C04F79EFBC}") = "App.Infra", "src\App.Infra\App.Infra.csproj", "{3C587D18-CEE7-47C1-BB47-613DE76E3AC7}"
EndProject
Project("{2150E333-8FDC-42A3-9474-1A3956D46DE8}") = "tests", "tests", "{323D0944-F42A-4E6A-B60E-98F3DBCFD661}"
EndProject
Project("{FAE04EC0-301F-11D3-BF4B-00C04F79EFBC}") = "App.Testes.Unidade", "tests\App.Testes.Unidade\App.Testes.Unidade.csproj", "{0EFB2404-95B0-4177-9EA4-250DCF6390C6}"
EndProject
Project("{FAE04EC0-301F-11D3-BF4B-00C04F79EFBC}") = "App.Testes.Integrados", "tests\App.Testes.Integrados\App.Testes.Integrados.csproj", "{A91F627E-4727-4BF6-84B9-8B5A6894857F}"
EndProject
Global
	GlobalSection(SolutionConfigurationPlatforms) = preSolution
		Debug|Any CPU = Debug|Any CPU
		Debug|x64 = Debug|x64
		Debug|x86 = Debug|x86
		Release|Any CPU = Release|Any CPU
		Release|x64 = Release|x64
		Release|x86 = Release|x86
	EndGlobalSection
	GlobalSection(SolutionProperties) = preSolution
		HideSolutionNode = FALSE
	EndGlobalSection
	GlobalSection(ProjectConfigurationPlatforms) = postSolution
		{13722C9C-ADCD-4FB3-B21C-F28FA8F33FFF}.Debug|Any CPU.ActiveCfg = Debug|Any CPU
		{13722C9C-ADCD-4FB3-B21C-F28FA8F33FFF}.Debug|Any CPU.Build.0 = Debug|Any CPU
		{13722C9C-ADCD-4FB3-B21C-F28FA8F33FFF}.Debug|x64.ActiveCfg = Debug|Any CPU
		{13722C9C-ADCD-4FB3-B21C-F28FA8F33FFF}.Debug|x64.Build.0 = Debug|Any CPU
		{13722C9C-ADCD-4FB3-B21C-F28FA8F33FFF}.Debug|x86.ActiveCfg = Debug|Any CPU
		{13722C9C-ADCD-4FB3-B21C-F28FA8F33FFF}.Debug|x86.Build.0 = Debug|Any CPU
		{13722C9C-ADCD-4FB3-B21C-F28FA8F33FFF}.Release|Any CPU.ActiveCfg = Release|Any CPU
		{13722C9C-ADCD-4FB3-B21C-F28FA8F33FFF}.Release|Any CPU.Build.0 = Release|Any CPU
		{13722C9C-ADCD-4FB3-B21C-F28FA8F33FFF}.Release|x64.ActiveCfg = Release|Any CPU
		{13722C9C-ADCD-4FB3-B21C-F28FA8F33FFF}.Release|x64.Build.0 = Release|Any CPU
		{13722C9C-ADCD-4FB3-B21C-F28FA8F33FFF}.Release|x86.ActiveCfg = Release|Any CPU
		{13722C9C-ADCD-4FB3-B21C-F28FA8F33FFF}.Release|x86.Build.0 = Release|Any CPU
		{C4EEDCB0-8415-4080-87F1-479CAEFA05BE}.Debug|Any CPU.ActiveCfg = Debug|Any CPU
		{C4EEDCB0-8415-4080-87F1-479CAEFA05BE}.Debug|Any CPU.Build.0 = Debug|Any CPU
		{C4EEDCB0-8415-4080-87F1-479CAEFA05BE}.Debug|x64.ActiveCfg = Debug|Any CPU
		{C4EEDCB0-8415-4080-87F1-479CAEFA05BE}.Debug|x64.Build.0 = Debug|Any CPU
		{C4EEDCB0-8415-4080-87F1-479CAEFA05BE}.Debug|x86.ActiveCfg = Debug|Any CPU
		{C4EEDCB0-8415-4080-87F1-479CAEFA05BE}.Debug|x86.Build.0 = Debug|Any CPU
		{C4EEDCB0-8415-4080-87F1-479CAEFA05BE}.Release|Any CPU.ActiveCfg = Release|Any CPU
		{C4EEDCB0-8415-4080-87F1-479CAEFA05BE}.Release|Any CPU.Build.0 = Release|Any CPU
		{C4EEDCB0-8415-4080-87F1-479CAEFA05BE}.Release|x64.ActiveCfg = Release|Any CPU
		{C4EEDCB0-8415-4080-87F1-479CAEFA05BE}.Release|x64.Build.0 = Release|Any CPU
		{C4EEDCB0-8415-4080-87F1-479CAEFA05BE}.Release|x86.ActiveCfg = Release|Any CPU
		{C4EEDCB0-8415-4080-87F1-479CAEFA05BE}.Release|x86.Build.0 = Release|Any CPU
		{22DE62A6-2961-4A0E-9316-08386965ADC0}.Debug|Any CPU.ActiveCfg = Debug|Any CPU
		{22DE62A6-2961-4A0E-9316-08386965ADC0}.Debug|Any CPU.Build.0 = Debug|Any CPU
		{22DE62A6-2961-4A0E-9316-08386965ADC0}.Debug|x64.ActiveCfg = Debug|Any CPU
		{22DE62A6-2961-4A0E-9316-08386965ADC0}.Debug|x64.Build.0 = Debug|Any CPU
		{22DE62A6-2961-4A0E-9316-08386965ADC0}.Debug|x86.ActiveCfg = Debug|Any CPU
		{22DE62A6-2961-4A0E-9316-08386965ADC0}.Debug|x86.Build.0 = Debug|Any CPU
		{22DE62A6-2961-4A0E-9316-08386965ADC0}.Release|Any CPU.ActiveCfg = Release|Any CPU
		{22DE62A6-2961-4A0E-9316-08386965ADC0}.Release|Any CPU.Build.0 = Release|Any CPU
		{22DE62A6-2961-4A0E-9316-08386965ADC0}.Release|x64.ActiveCfg = Release|Any CPU
		{22DE62A6-2961-4A0E-9316-08386965ADC0}.Release|x64.Build.0 = Release|Any CPU
		{22DE62A6-2961-4A0E-9316-08386965ADC0}.Release|x86.ActiveCfg = Release|Any CPU
		{22DE62A6-2961-4A0E-9316-08386965ADC0}.Release|x86.Build.0 = Release|Any CPU
		{3C587D18-CEE7-47C1-BB47-613DE76E3AC7}.Debug|Any CPU.ActiveCfg = Debug|Any CPU
		{3C587D18-CEE7-47C1-BB47-613DE76E3AC7}.Debug|Any CPU.Build.0 = Debug|Any CPU
		{3C587D18-CEE7-47C1-BB47-613DE76E3AC7}.Debug|x64.ActiveCfg = Debug|Any CPU
		{3C587D18-CEE7-47C1-BB47-613DE76E3AC7}.Debug|x64.Build.0 = Debug|Any CPU
		{3C587D18-CEE7-47C1-BB47-613DE76E3AC7}.Debug|x86.ActiveCfg = Debug|Any CPU
		{3C587D18-CEE7-47C1-BB47-613DE76E3AC7}.Debug|x86.Build.0 = Debug|Any CPU
		{3C587D18-CEE7-47C1-BB47-613DE76E3AC7}.Release|Any CPU.ActiveCfg = Release|Any CPU
		{3C587D18-CEE7-47C1-BB47-613DE76E3AC7}.Release|Any CPU.Build.0 = Release|Any CPU
		{3C587D18-CEE7-47C1-BB47-613DE76E3AC7}.Release|x64.ActiveCfg = Release|Any CPU
		{3C587D18-CEE7-47C1-BB47-613DE76E3AC7}.Release|x64.Build.0 = Release|Any CPU
		{3C587D18-CEE7-47C1-BB47-613DE76E3AC7}.Release|x86.ActiveCfg = Release|Any CPU
		{3C587D18-CEE7-47C1-BB47-613DE76E3AC7}.Release|x86.Build.0 = Release|Any CPU
		{0EFB2404-95B0-4177-9EA4-250DCF6390C6}.Debug|Any CPU.ActiveCfg = Debug|Any CPU
		{0EFB2404-95B0-4177-9EA4-250DCF6390C6}.Debug|Any CPU.Build.0 = Debug|Any CPU
		{0EFB2404-95B0-4177-9EA4-250DCF6390C6}.Debug|x64.ActiveCfg = Debug|Any CPU
		{0EFB2404-95B0-4177-9EA4-250DCF6390C6}.Debug|x64.Build.0 = Debug|Any CPU
		{0EFB2404-95B0-4177-9EA4-250DCF6390C6}.Debug|x86.ActiveCfg = Debug|Any CPU
		{0EFB2404-95B0-4177-9EA4-250DCF6390C6}.Debug|x86.Build.0 = Debug|Any CPU
		{0EFB2404-95B0-4177-9EA4-250DCF6390C6}.Release|Any CPU.ActiveCfg = Release|Any CPU
		{0EFB2404-95B0-4177-9EA4-250DCF6390C6}.Release|Any CPU.Build.0 = Release|Any CPU
		{0EFB2404-95B0-4177-9EA4-250DCF6390C6}.Release|x64.ActiveCfg = Release|Any CPU
		{0EFB2404-95B0-4177-9EA4-250DCF6390C6}.Release|x64.Build.0 = Release|Any CPU
		{0EFB2404-95B0-4177-9EA4-250DCF6390C6}.Release|x86.ActiveCfg = Release|Any CPU
		{0EFB2404-95B0-4177-9EA4-250DCF6390C6}.Release|x86.Build.0 = Release|Any CPU
		{A91F627E-4727-4BF6-84B9-8B5A6894857F}.Debug|Any CPU.ActiveCfg = Debug|Any CPU
		{A91F627E-4727-4BF6-84B9-8B5A6894857F}.Debug|Any CPU.Build.0 = Debug|Any CPU
		{A91F627E-4727-4BF6-84B9-8B5A6894857F}.Debug|x64.ActiveCfg = Debug|Any CPU
		{A91F627E-4727-4BF6-84B9-8B5A6894857F}.Debug|x64.Build.0 = Debug|Any CPU
		{A91F627E-4727-4BF6-84B9-8B5A6894857F}.Debug|x86.ActiveCfg = Debug|Any CPU
		{A91F627E-4727-4BF6-84B9-8B5A6894857F}.Debug|x86.Build.0 = Debug|Any CPU
		{A91F627E-4727-4BF6-84B9-8B5A6894857F}.Release|Any CPU.ActiveCfg = Release|Any CPU
		{A91F627E-4727-4BF6-84B9-8B5A6894857F}.Release|Any CPU.Build.0 = Release|Any CPU
		{A91F627E-4727-4BF6-84B9-8B5A6894857F}.Release|x64.ActiveCfg = Release|Any CPU
		{A91F627E-4727-4BF6-84B9-8B5A6894857F}.Release|x64.Build.0 = Release|Any CPU
		{A91F627E-4727-4BF6-84B9-8B5A6894857F}.Release|x86.ActiveCfg = Release|Any CPU
		{A91F627E-4727-4BF6-84B9-8B5A6894857F}.Release|x86.Build.0 = Release|Any CPU
	EndGlobalSection
	GlobalSection(NestedProjects) = preSolution
		{13722C9C-ADCD-4FB3-B21C-F28FA8F33FFF} = {C612E0A7-4F8B-4E83-A815-1CD170063A11}
		{C4EEDCB0-8415-4080-87F1-479CAEFA05BE} = {C612E0A7-4F8B-4E83-A815-1CD170063A11}
		{22DE62A6-2961-4A0E-9316-08386965ADC0} = {C612E0A7-4F8B-4E83-A815-1CD170063A11}
		{3C587D18-CEE7-47C1-BB47-613DE76E3AC7} = {C612E0A7-4F8B-4E83-A815-1CD170063A11}
		{0EFB2404-95B0-4177-9EA4-250DCF6390C6} = {323D0944-F42A-4E6A-B60E-98F3DBCFD661}
		{A91F627E-4727-4BF6-84B9-8B5A6894857F} = {323D0944-F42A-4E6A-B60E-98F3DBCFD661}
	EndGlobalSection
EndGlobal
